
Microsoft Visual Studio Solution File, Format Version 12.00
# Visual Studio Version 16
VisualStudioVersion = 16.0.29709.97
MinimumVisualStudioVersion = 10.0.40219.1
Project("{9092AA53-FB77-4645-B42D-1CCCA6BD08BD}") = "project1", "project1\project1.njsproj", "{AD260D11-5A5E-41FB-AF76-98112F5C4156}"
EndProject
Global
	GlobalSection(SolutionConfigurationPlatforms) = preSolution
		Debug|Any CPU = Debug|Any CPU
		Release|Any CPU = Release|Any CPU
	EndGlobalSection
	GlobalSection(ProjectConfigurationPlatforms) = postSolution
		{AD260D11-5A5E-41FB-AF76-98112F5C4156}.Debug|Any CPU.ActiveCfg = Debug|Any CPU
		{AD260D11-5A5E-41FB-AF76-98112F5C4156}.Debug|Any CPU.Build.0 = Debug|Any CPU
		{AD260D11-5A5E-41FB-AF76-98112F5C4156}.Release|Any CPU.ActiveCfg = Release|Any CPU
		{AD260D11-5A5E-41FB-AF76-98112F5C4156}.Release|Any CPU.Build.0 = Release|Any CPU
	EndGlobalSection
	GlobalSection(SolutionProperties) = preSolution
		HideSolutionNode = FALSE
	EndGlobalSection
	GlobalSection(ExtensibilityGlobals) = postSolution
		SolutionGuid = {44E44187-94CF-4BAB-AA9B-2868042604D2}
	EndGlobalSection
EndGlobal
